// !$*UTF8*$!
{
	archiveVersion = 1;
	classes = {
	};
	objectVersion = 48;
	objects = {

/* Begin PBXBuildFile section */
		673DC6AD1DB94CA486AC516D /* Pods_ELInstagramCloneTTT.framework in Frameworks */ = {isa = PBXBuildFile; fileRef = C36623DE3FF58FDE65EEB6F6 /* Pods_ELInstagramCloneTTT.framework */; };
		D41CDF4C20617138001D1A08 /* PostViewController.swift in Sources */ = {isa = PBXBuildFile; fileRef = D41CDF4B20617138001D1A08 /* PostViewController.swift */; };
		D41CDF4E206198F0001D1A08 /* Comment.swift in Sources */ = {isa = PBXBuildFile; fileRef = D41CDF4D206198F0001D1A08 /* Comment.swift */; };
		D433E49F205D94B500D05CAB /* SignupScreenViewController.swift in Sources */ = {isa = PBXBuildFile; fileRef = D433E49E205D94B500D05CAB /* SignupScreenViewController.swift */; };
		D433E4A1205DEEB000D05CAB /* MomentsCollectionViewController.swift in Sources */ = {isa = PBXBuildFile; fileRef = D433E4A0205DEEB000D05CAB /* MomentsCollectionViewController.swift */; };
		D433E4A3205DF22D00D05CAB /* UIColor+colorWithHexString.swift in Sources */ = {isa = PBXBuildFile; fileRef = D433E4A2205DF22D00D05CAB /* UIColor+colorWithHexString.swift */; };
		D433E4A6205DFF4F00D05CAB /* UserTableViewCell.swift in Sources */ = {isa = PBXBuildFile; fileRef = D433E4A5205DFF4F00D05CAB /* UserTableViewCell.swift */; };
		D433E4A8205E004100D05CAB /* UsersViewController.swift in Sources */ = {isa = PBXBuildFile; fileRef = D433E4A7205E004100D05CAB /* UsersViewController.swift */; };
		D433E4AC205E01E700D05CAB /* User.swift in Sources */ = {isa = PBXBuildFile; fileRef = D433E4AB205E01E700D05CAB /* User.swift */; };
		D433E4AE205ED09F00D05CAB /* UploadTakePhotoViewController.swift in Sources */ = {isa = PBXBuildFile; fileRef = D433E4AD205ED09F00D05CAB /* UploadTakePhotoViewController.swift */; };
		D433E4B0205EE97A00D05CAB /* CommentTableViewCell.swift in Sources */ = {isa = PBXBuildFile; fileRef = D433E4AF205EE97A00D05CAB /* CommentTableViewCell.swift */; };
		D433E4B2205EEA8B00D05CAB /* Post.swift in Sources */ = {isa = PBXBuildFile; fileRef = D433E4B1205EEA8B00D05CAB /* Post.swift */; };
		D433E4B4205EEDA900D05CAB /* MomentsTableViewCell.swift in Sources */ = {isa = PBXBuildFile; fileRef = D433E4B3205EEDA900D05CAB /* MomentsTableViewCell.swift */; };
		D433E4DA20601EF600D05CAB /* FirebaseURL.swift in Sources */ = {isa = PBXBuildFile; fileRef = D433E4D920601EF600D05CAB /* FirebaseURL.swift */; };
		D433E4DC2060387F00D05CAB /* ImageManager.swift in Sources */ = {isa = PBXBuildFile; fileRef = D433E4DB2060387F00D05CAB /* ImageManager.swift */; };
		D47142B5205D848700F4E4C0 /* AppDelegate.swift in Sources */ = {isa = PBXBuildFile; fileRef = D47142B4205D848700F4E4C0 /* AppDelegate.swift */; };
		D47142B7205D848700F4E4C0 /* LoginScreenViewController.swift in Sources */ = {isa = PBXBuildFile; fileRef = D47142B6205D848700F4E4C0 /* LoginScreenViewController.swift */; };
		D47142BA205D848700F4E4C0 /* Main.storyboard in Resources */ = {isa = PBXBuildFile; fileRef = D47142B8205D848700F4E4C0 /* Main.storyboard */; };
		D47142BC205D848700F4E4C0 /* Assets.xcassets in Resources */ = {isa = PBXBuildFile; fileRef = D47142BB205D848700F4E4C0 /* Assets.xcassets */; };
		D47142BF205D848700F4E4C0 /* LaunchScreen.storyboard in Resources */ = {isa = PBXBuildFile; fileRef = D47142BD205D848700F4E4C0 /* LaunchScreen.storyboard */; };
		D47142C9205D852F00F4E4C0 /* GoogleService-Info.plist in Resources */ = {isa = PBXBuildFile; fileRef = D47142C8205D852E00F4E4C0 /* GoogleService-Info.plist */; };
/* End PBXBuildFile section */

/* Begin PBXFileReference section */
		01EBEE0D8D2C5EF4636D2CD1 /* Pods-ELInstagramCloneTTT.release.xcconfig */ = {isa = PBXFileReference; includeInIndex = 1; lastKnownFileType = text.xcconfig; name = "Pods-ELInstagramCloneTTT.release.xcconfig"; path = "Pods/Target Support Files/Pods-ELInstagramCloneTTT/Pods-ELInstagramCloneTTT.release.xcconfig"; sourceTree = "<group>"; };
		C36623DE3FF58FDE65EEB6F6 /* Pods_ELInstagramCloneTTT.framework */ = {isa = PBXFileReference; explicitFileType = wrapper.framework; includeInIndex = 0; path = Pods_ELInstagramCloneTTT.framework; sourceTree = BUILT_PRODUCTS_DIR; };
		D41CDF4B20617138001D1A08 /* PostViewController.swift */ = {isa = PBXFileReference; lastKnownFileType = sourcecode.swift; path = PostViewController.swift; sourceTree = "<group>"; };
		D41CDF4D206198F0001D1A08 /* Comment.swift */ = {isa = PBXFileReference; lastKnownFileType = sourcecode.swift; path = Comment.swift; sourceTree = "<group>"; };
		D433E49E205D94B500D05CAB /* SignupScreenViewController.swift */ = {isa = PBXFileReference; lastKnownFileType = sourcecode.swift; path = SignupScreenViewController.swift; sourceTree = "<group>"; };
		D433E4A0205DEEB000D05CAB /* MomentsCollectionViewController.swift */ = {isa = PBXFileReference; lastKnownFileType = sourcecode.swift; path = MomentsCollectionViewController.swift; sourceTree = "<group>"; };
		D433E4A2205DF22D00D05CAB /* UIColor+colorWithHexString.swift */ = {isa = PBXFileReference; lastKnownFileType = sourcecode.swift; path = "UIColor+colorWithHexString.swift"; sourceTree = "<group>"; };
		D433E4A5205DFF4F00D05CAB /* UserTableViewCell.swift */ = {isa = PBXFileReference; lastKnownFileType = sourcecode.swift; path = UserTableViewCell.swift; sourceTree = "<group>"; };
		D433E4A7205E004100D05CAB /* UsersViewController.swift */ = {isa = PBXFileReference; lastKnownFileType = sourcecode.swift; path = UsersViewController.swift; sourceTree = "<group>"; };
		D433E4AB205E01E700D05CAB /* User.swift */ = {isa = PBXFileReference; lastKnownFileType = sourcecode.swift; path = User.swift; sourceTree = "<group>"; };
		D433E4AD205ED09F00D05CAB /* UploadTakePhotoViewController.swift */ = {isa = PBXFileReference; lastKnownFileType = sourcecode.swift; path = UploadTakePhotoViewController.swift; sourceTree = "<group>"; };
		D433E4AF205EE97A00D05CAB /* CommentTableViewCell.swift */ = {isa = PBXFileReference; lastKnownFileType = sourcecode.swift; path = CommentTableViewCell.swift; sourceTree = "<group>"; };
		D433E4B1205EEA8B00D05CAB /* Post.swift */ = {isa = PBXFileReference; lastKnownFileType = sourcecode.swift; path = Post.swift; sourceTree = "<group>"; };
		D433E4B3205EEDA900D05CAB /* MomentsTableViewCell.swift */ = {isa = PBXFileReference; lastKnownFileType = sourcecode.swift; path = MomentsTableViewCell.swift; sourceTree = "<group>"; };
		D433E4D920601EF600D05CAB /* FirebaseURL.swift */ = {isa = PBXFileReference; lastKnownFileType = sourcecode.swift; path = FirebaseURL.swift; sourceTree = "<group>"; };
		D433E4DB2060387F00D05CAB /* ImageManager.swift */ = {isa = PBXFileReference; lastKnownFileType = sourcecode.swift; path = ImageManager.swift; sourceTree = "<group>"; };
		D47142B1205D848700F4E4C0 /* ELInstagramCloneTTT.app */ = {isa = PBXFileReference; explicitFileType = wrapper.application; includeInIndex = 0; path = ELInstagramCloneTTT.app; sourceTree = BUILT_PRODUCTS_DIR; };
		D47142B4205D848700F4E4C0 /* AppDelegate.swift */ = {isa = PBXFileReference; lastKnownFileType = sourcecode.swift; path = AppDelegate.swift; sourceTree = "<group>"; };
		D47142B6205D848700F4E4C0 /* LoginScreenViewController.swift */ = {isa = PBXFileReference; lastKnownFileType = sourcecode.swift; path = LoginScreenViewController.swift; sourceTree = "<group>"; };
		D47142B9205D848700F4E4C0 /* Base */ = {isa = PBXFileReference; lastKnownFileType = file.storyboard; name = Base; path = Base.lproj/Main.storyboard; sourceTree = "<group>"; };
		D47142BB205D848700F4E4C0 /* Assets.xcassets */ = {isa = PBXFileReference; lastKnownFileType = folder.assetcatalog; path = Assets.xcassets; sourceTree = "<group>"; };
		D47142BE205D848700F4E4C0 /* Base */ = {isa = PBXFileReference; lastKnownFileType = file.storyboard; name = Base; path = Base.lproj/LaunchScreen.storyboard; sourceTree = "<group>"; };
		D47142C0205D848700F4E4C0 /* Info.plist */ = {isa = PBXFileReference; lastKnownFileType = text.plist.xml; path = Info.plist; sourceTree = "<group>"; };
		D47142C8205D852E00F4E4C0 /* GoogleService-Info.plist */ = {isa = PBXFileReference; fileEncoding = 4; lastKnownFileType = text.plist.xml; path = "GoogleService-Info.plist"; sourceTree = "<group>"; };
		E5BD762923F0BE15377EBA5C /* Pods-ELInstagramCloneTTT.debug.xcconfig */ = {isa = PBXFileReference; includeInIndex = 1; lastKnownFileType = text.xcconfig; name = "Pods-ELInstagramCloneTTT.debug.xcconfig"; path = "Pods/Target Support Files/Pods-ELInstagramCloneTTT/Pods-ELInstagramCloneTTT.debug.xcconfig"; sourceTree = "<group>"; };
/* End PBXFileReference section */

/* Begin PBXFrameworksBuildPhase section */
		D47142AE205D848600F4E4C0 /* Frameworks */ = {
			isa = PBXFrameworksBuildPhase;
			buildActionMask = 2147483647;
			files = (
				673DC6AD1DB94CA486AC516D /* Pods_ELInstagramCloneTTT.framework in Frameworks */,
			);
			runOnlyForDeploymentPostprocessing = 0;
		};
/* End PBXFrameworksBuildPhase section */

/* Begin PBXGroup section */
		BB946EEAADA05D76414769C4 /* Pods */ = {
			isa = PBXGroup;
			children = (
				E5BD762923F0BE15377EBA5C /* Pods-ELInstagramCloneTTT.debug.xcconfig */,
				01EBEE0D8D2C5EF4636D2CD1 /* Pods-ELInstagramCloneTTT.release.xcconfig */,
			);
			name = Pods;
			sourceTree = "<group>";
		};
		D41CDF49206170F8001D1A08 /* Managers */ = {
			isa = PBXGroup;
			children = (
				D433E4DB2060387F00D05CAB /* ImageManager.swift */,
			);
			path = Managers;
			sourceTree = "<group>";
		};
		D41CDF4A20617104001D1A08 /* Structs & Enums */ = {
			isa = PBXGroup;
			children = (
				D433E4D920601EF600D05CAB /* FirebaseURL.swift */,
			);
			path = "Structs & Enums";
			sourceTree = "<group>";
		};
		D433E49C205D887400D05CAB /* Controllers */ = {
			isa = PBXGroup;
			children = (
				D47142B6205D848700F4E4C0 /* LoginScreenViewController.swift */,
				D433E49E205D94B500D05CAB /* SignupScreenViewController.swift */,
				D433E4A0205DEEB000D05CAB /* MomentsCollectionViewController.swift */,
				D433E4A7205E004100D05CAB /* UsersViewController.swift */,
				D433E4AD205ED09F00D05CAB /* UploadTakePhotoViewController.swift */,
				D41CDF4B20617138001D1A08 /* PostViewController.swift */,
			);
			path = Controllers;
			sourceTree = "<group>";
		};
		D433E49D205D887F00D05CAB /* Storyboards */ = {
			isa = PBXGroup;
			children = (
				D47142B8205D848700F4E4C0 /* Main.storyboard */,
				D47142BD205D848700F4E4C0 /* LaunchScreen.storyboard */,
			);
			path = Storyboards;
			sourceTree = "<group>";
		};
		D433E4A4205DF33F00D05CAB /* Extensions */ = {
			isa = PBXGroup;
			children = (
				D433E4A2205DF22D00D05CAB /* UIColor+colorWithHexString.swift */,
			);
			path = Extensions;
			sourceTree = "<group>";
		};
		D433E4A9205E01C200D05CAB /* Custom Cells */ = {
			isa = PBXGroup;
			children = (
				D433E4A5205DFF4F00D05CAB /* UserTableViewCell.swift */,
				D433E4AF205EE97A00D05CAB /* CommentTableViewCell.swift */,
				D433E4B3205EEDA900D05CAB /* MomentsTableViewCell.swift */,
			);
			path = "Custom Cells";
			sourceTree = "<group>";
		};
		D433E4AA205E01DC00D05CAB /* Models */ = {
			isa = PBXGroup;
			children = (
				D433E4AB205E01E700D05CAB /* User.swift */,
				D433E4B1205EEA8B00D05CAB /* Post.swift */,
				D41CDF4D206198F0001D1A08 /* Comment.swift */,
			);
			path = Models;
			sourceTree = "<group>";
		};
		D47142A8205D848600F4E4C0 = {
			isa = PBXGroup;
			children = (
				D47142B3205D848700F4E4C0 /* ELInstagramCloneTTT */,
				D47142B2205D848700F4E4C0 /* Products */,
				BB946EEAADA05D76414769C4 /* Pods */,
				FA474D42ACE20A51ADF330FE /* Frameworks */,
			);
			sourceTree = "<group>";
		};
		D47142B2205D848700F4E4C0 /* Products */ = {
			isa = PBXGroup;
			children = (
				D47142B1205D848700F4E4C0 /* ELInstagramCloneTTT.app */,
			);
			name = Products;
			sourceTree = "<group>";
		};
		D47142B3205D848700F4E4C0 /* ELInstagramCloneTTT */ = {
			isa = PBXGroup;
			children = (
				D47142B4205D848700F4E4C0 /* AppDelegate.swift */,
				D41CDF4A20617104001D1A08 /* Structs & Enums */,
				D41CDF49206170F8001D1A08 /* Managers */,
				D433E4AA205E01DC00D05CAB /* Models */,
				D433E4A9205E01C200D05CAB /* Custom Cells */,
				D433E4A4205DF33F00D05CAB /* Extensions */,
				D433E49C205D887400D05CAB /* Controllers */,
				D433E49D205D887F00D05CAB /* Storyboards */,
				D47142BB205D848700F4E4C0 /* Assets.xcassets */,
				D47142C0205D848700F4E4C0 /* Info.plist */,
				D47142C8205D852E00F4E4C0 /* GoogleService-Info.plist */,
			);
			path = ELInstagramCloneTTT;
			sourceTree = "<group>";
		};
		FA474D42ACE20A51ADF330FE /* Frameworks */ = {
			isa = PBXGroup;
			children = (
				C36623DE3FF58FDE65EEB6F6 /* Pods_ELInstagramCloneTTT.framework */,
			);
			name = Frameworks;
			sourceTree = "<group>";
		};
/* End PBXGroup section */

/* Begin PBXNativeTarget section */
		D47142B0205D848600F4E4C0 /* ELInstagramCloneTTT */ = {
			isa = PBXNativeTarget;
			buildConfigurationList = D47142C3205D848700F4E4C0 /* Build configuration list for PBXNativeTarget "ELInstagramCloneTTT" */;
			buildPhases = (
				B24C13DE3994F5B0A86DAAC2 /* [CP] Check Pods Manifest.lock */,
				D47142AD205D848600F4E4C0 /* Sources */,
				D47142AE205D848600F4E4C0 /* Frameworks */,
				D47142AF205D848600F4E4C0 /* Resources */,
				6E3EA5F34601C4C43A430C6F /* [CP] Embed Pods Frameworks */,
				A430961FB3DB67F469CE7A4F /* [CP] Copy Pods Resources */,
			);
			buildRules = (
			);
			dependencies = (
			);
			name = ELInstagramCloneTTT;
			productName = ELInstagramCloneTTT;
			productReference = D47142B1205D848700F4E4C0 /* ELInstagramCloneTTT.app */;
			productType = "com.apple.product-type.application";
		};
/* End PBXNativeTarget section */

/* Begin PBXProject section */
		D47142A9205D848600F4E4C0 /* Project object */ = {
			isa = PBXProject;
			attributes = {
				LastSwiftUpdateCheck = 0920;
				LastUpgradeCheck = 0920;
				ORGANIZATIONNAME = "Eduard Levshteyn";
				TargetAttributes = {
					D47142B0205D848600F4E4C0 = {
						CreatedOnToolsVersion = 9.2;
						ProvisioningStyle = Automatic;
					};
				};
			};
			buildConfigurationList = D47142AC205D848600F4E4C0 /* Build configuration list for PBXProject "ELInstagramCloneTTT" */;
			compatibilityVersion = "Xcode 8.0";
			developmentRegion = en;
			hasScannedForEncodings = 0;
			knownRegions = (
				en,
				Base,
			);
			mainGroup = D47142A8205D848600F4E4C0;
			productRefGroup = D47142B2205D848700F4E4C0 /* Products */;
			projectDirPath = "";
			projectRoot = "";
			targets = (
				D47142B0205D848600F4E4C0 /* ELInstagramCloneTTT */,
			);
		};
/* End PBXProject section */

/* Begin PBXResourcesBuildPhase section */
		D47142AF205D848600F4E4C0 /* Resources */ = {
			isa = PBXResourcesBuildPhase;
			buildActionMask = 2147483647;
			files = (
				D47142BF205D848700F4E4C0 /* LaunchScreen.storyboard in Resources */,
				D47142C9205D852F00F4E4C0 /* GoogleService-Info.plist in Resources */,
				D47142BC205D848700F4E4C0 /* Assets.xcassets in Resources */,
				D47142BA205D848700F4E4C0 /* Main.storyboard in Resources */,
			);
			runOnlyForDeploymentPostprocessing = 0;
		};
/* End PBXResourcesBuildPhase section */

/* Begin PBXShellScriptBuildPhase section */
		6E3EA5F34601C4C43A430C6F /* [CP] Embed Pods Frameworks */ = {
			isa = PBXShellScriptBuildPhase;
			buildActionMask = 2147483647;
			files = (
			);
			inputPaths = (
				"${SRCROOT}/Pods/Target Support Files/Pods-ELInstagramCloneTTT/Pods-ELInstagramCloneTTT-frameworks.sh",
				"${BUILT_PRODUCTS_DIR}/Alamofire/Alamofire.framework",
				"${BUILT_PRODUCTS_DIR}/GTMSessionFetcher/GTMSessionFetcher.framework",
				"${BUILT_PRODUCTS_DIR}/GoogleToolboxForMac/GoogleToolboxForMac.framework",
				"${BUILT_PRODUCTS_DIR}/leveldb-library/leveldb.framework",
				"${BUILT_PRODUCTS_DIR}/nanopb/nanopb.framework",
			);
			name = "[CP] Embed Pods Frameworks";
			outputPaths = (
				"${TARGET_BUILD_DIR}/${FRAMEWORKS_FOLDER_PATH}/Alamofire.framework",
				"${TARGET_BUILD_DIR}/${FRAMEWORKS_FOLDER_PATH}/GTMSessionFetcher.framework",
				"${TARGET_BUILD_DIR}/${FRAMEWORKS_FOLDER_PATH}/GoogleToolboxForMac.framework",
				"${TARGET_BUILD_DIR}/${FRAMEWORKS_FOLDER_PATH}/leveldb.framework",
				"${TARGET_BUILD_DIR}/${FRAMEWORKS_FOLDER_PATH}/nanopb.framework",
			);
			runOnlyForDeploymentPostprocessing = 0;
			shellPath = /bin/sh;
			shellScript = "\"${SRCROOT}/Pods/Target Support Files/Pods-ELInstagramCloneTTT/Pods-ELInstagramCloneTTT-frameworks.sh\"\n";
			showEnvVarsInLog = 0;
		};
		A430961FB3DB67F469CE7A4F /* [CP] Copy Pods Resources */ = {
			isa = PBXShellScriptBuildPhase;
			buildActionMask = 2147483647;
			files = (
			);
			inputPaths = (
			);
			name = "[CP] Copy Pods Resources";
			outputPaths = (
			);
			runOnlyForDeploymentPostprocessing = 0;
			shellPath = /bin/sh;
			shellScript = "\"${SRCROOT}/Pods/Target Support Files/Pods-ELInstagramCloneTTT/Pods-ELInstagramCloneTTT-resources.sh\"\n";
			showEnvVarsInLog = 0;
		};
		B24C13DE3994F5B0A86DAAC2 /* [CP] Check Pods Manifest.lock */ = {
			isa = PBXShellScriptBuildPhase;
			buildActionMask = 2147483647;
			files = (
			);
			inputPaths = (
				"${PODS_PODFILE_DIR_PATH}/Podfile.lock",
				"${PODS_ROOT}/Manifest.lock",
			);
			name = "[CP] Check Pods Manifest.lock";
			outputPaths = (
				"$(DERIVED_FILE_DIR)/Pods-ELInstagramCloneTTT-checkManifestLockResult.txt",
			);
			runOnlyForDeploymentPostprocessing = 0;
			shellPath = /bin/sh;
			shellScript = "diff \"${PODS_PODFILE_DIR_PATH}/Podfile.lock\" \"${PODS_ROOT}/Manifest.lock\" > /dev/null\nif [ $? != 0 ] ; then\n    # print error to STDERR\n    echo \"error: The sandbox is not in sync with the Podfile.lock. Run 'pod install' or update your CocoaPods installation.\" >&2\n    exit 1\nfi\n# This output is used by Xcode 'outputs' to avoid re-running this script phase.\necho \"SUCCESS\" > \"${SCRIPT_OUTPUT_FILE_0}\"\n";
			showEnvVarsInLog = 0;
		};
/* End PBXShellScriptBuildPhase section */

/* Begin PBXSourcesBuildPhase section */
		D47142AD205D848600F4E4C0 /* Sources */ = {
			isa = PBXSourcesBuildPhase;
			buildActionMask = 2147483647;
			files = (
				D433E4A8205E004100D05CAB /* UsersViewController.swift in Sources */,
				D433E4B2205EEA8B00D05CAB /* Post.swift in Sources */,
				D47142B7205D848700F4E4C0 /* LoginScreenViewController.swift in Sources */,
				D433E4A3205DF22D00D05CAB /* UIColor+colorWithHexString.swift in Sources */,
				D433E49F205D94B500D05CAB /* SignupScreenViewController.swift in Sources */,
				D433E4AE205ED09F00D05CAB /* UploadTakePhotoViewController.swift in Sources */,
				D433E4DA20601EF600D05CAB /* FirebaseURL.swift in Sources */,
				D433E4AC205E01E700D05CAB /* User.swift in Sources */,
				D433E4A1205DEEB000D05CAB /* MomentsCollectionViewController.swift in Sources */,
				D41CDF4C20617138001D1A08 /* PostViewController.swift in Sources */,
				D433E4DC2060387F00D05CAB /* ImageManager.swift in Sources */,
				D41CDF4E206198F0001D1A08 /* Comment.swift in Sources */,
				D433E4B0205EE97A00D05CAB /* CommentTableViewCell.swift in Sources */,
				D433E4A6205DFF4F00D05CAB /* UserTableViewCell.swift in Sources */,
				D47142B5205D848700F4E4C0 /* AppDelegate.swift in Sources */,
				D433E4B4205EEDA900D05CAB /* MomentsTableViewCell.swift in Sources */,
			);
			runOnlyForDeploymentPostprocessing = 0;
		};
/* End PBXSourcesBuildPhase section */

/* Begin PBXVariantGroup section */
		D47142B8205D848700F4E4C0 /* Main.storyboard */ = {
			isa = PBXVariantGroup;
			children = (
				D47142B9205D848700F4E4C0 /* Base */,
			);
			name = Main.storyboard;
			sourceTree = "<group>";
		};
		D47142BD205D848700F4E4C0 /* LaunchScreen.storyboard */ = {
			isa = PBXVariantGroup;
			children = (
				D47142BE205D848700F4E4C0 /* Base */,
			);
			name = LaunchScreen.storyboard;
			sourceTree = "<group>";
		};
/* End PBXVariantGroup section */

/* Begin XCBuildConfiguration section */
		D47142C1205D848700F4E4C0 /* Debug */ = {
			isa = XCBuildConfiguration;
			buildSettings = {
				ALWAYS_SEARCH_USER_PATHS = NO;
				CLANG_ANALYZER_NONNULL = YES;
				CLANG_ANALYZER_NUMBER_OBJECT_CONVERSION = YES_AGGRESSIVE;
				CLANG_CXX_LANGUAGE_STANDARD = "gnu++14";
				CLANG_CXX_LIBRARY = "libc++";
				CLANG_ENABLE_MODULES = YES;
				CLANG_ENABLE_OBJC_ARC = YES;
				CLANG_WARN_BLOCK_CAPTURE_AUTORELEASING = YES;
				CLANG_WARN_BOOL_CONVERSION = YES;
				CLANG_WARN_COMMA = YES;
				CLANG_WARN_CONSTANT_CONVERSION = YES;
				CLANG_WARN_DIRECT_OBJC_ISA_USAGE = YES_ERROR;
				CLANG_WARN_DOCUMENTATION_COMMENTS = YES;
				CLANG_WARN_EMPTY_BODY = YES;
				CLANG_WARN_ENUM_CONVERSION = YES;
				CLANG_WARN_INFINITE_RECURSION = YES;
				CLANG_WARN_INT_CONVERSION = YES;
				CLANG_WARN_NON_LITERAL_NULL_CONVERSION = YES;
				CLANG_WARN_OBJC_LITERAL_CONVERSION = YES;
				CLANG_WARN_OBJC_ROOT_CLASS = YES_ERROR;
				CLANG_WARN_RANGE_LOOP_ANALYSIS = YES;
				CLANG_WARN_STRICT_PROTOTYPES = YES;
				CLANG_WARN_SUSPICIOUS_MOVE = YES;
				CLANG_WARN_UNGUARDED_AVAILABILITY = YES_AGGRESSIVE;
				CLANG_WARN_UNREACHABLE_CODE = YES;
				CLANG_WARN__DUPLICATE_METHOD_MATCH = YES;
				CODE_SIGN_IDENTITY = "iPhone Developer";
				COPY_PHASE_STRIP = NO;
				DEBUG_INFORMATION_FORMAT = dwarf;
				ENABLE_STRICT_OBJC_MSGSEND = YES;
				ENABLE_TESTABILITY = YES;
				GCC_C_LANGUAGE_STANDARD = gnu11;
				GCC_DYNAMIC_NO_PIC = NO;
				GCC_NO_COMMON_BLOCKS = YES;
				GCC_OPTIMIZATION_LEVEL = 0;
				GCC_PREPROCESSOR_DEFINITIONS = (
					"DEBUG=1",
					"$(inherited)",
				);
				GCC_WARN_64_TO_32_BIT_CONVERSION = YES;
				GCC_WARN_ABOUT_RETURN_TYPE = YES_ERROR;
				GCC_WARN_UNDECLARED_SELECTOR = YES;
				GCC_WARN_UNINITIALIZED_AUTOS = YES_AGGRESSIVE;
				GCC_WARN_UNUSED_FUNCTION = YES;
				GCC_WARN_UNUSED_VARIABLE = YES;
				IPHONEOS_DEPLOYMENT_TARGET = 11.2;
				MTL_ENABLE_DEBUG_INFO = YES;
				ONLY_ACTIVE_ARCH = YES;
				SDKROOT = iphoneos;
				SWIFT_ACTIVE_COMPILATION_CONDITIONS = DEBUG;
				SWIFT_OPTIMIZATION_LEVEL = "-Onone";
			};
			name = Debug;
		};
		D47142C2205D848700F4E4C0 /* Release */ = {
			isa = XCBuildConfiguration;
			buildSettings = {
				ALWAYS_SEARCH_USER_PATHS = NO;
				CLANG_ANALYZER_NONNULL = YES;
				CLANG_ANALYZER_NUMBER_OBJECT_CONVERSION = YES_AGGRESSIVE;
				CLANG_CXX_LANGUAGE_STANDARD = "gnu++14";
				CLANG_CXX_LIBRARY = "libc++";
				CLANG_ENABLE_MODULES = YES;
				CLANG_ENABLE_OBJC_ARC = YES;
				CLANG_WARN_BLOCK_CAPTURE_AUTORELEASING = YES;
				CLANG_WARN_BOOL_CONVERSION = YES;
				CLANG_WARN_COMMA = YES;
				CLANG_WARN_CONSTANT_CONVERSION = YES;
				CLANG_WARN_DIRECT_OBJC_ISA_USAGE = YES_ERROR;
				CLANG_WARN_DOCUMENTATION_COMMENTS = YES;
				CLANG_WARN_EMPTY_BODY = YES;
				CLANG_WARN_ENUM_CONVERSION = YES;
				CLANG_WARN_INFINITE_RECURSION = YES;
				CLANG_WARN_INT_CONVERSION = YES;
				CLANG_WARN_NON_LITERAL_NULL_CONVERSION = YES;
				CLANG_WARN_OBJC_LITERAL_CONVERSION = YES;
				CLANG_WARN_OBJC_ROOT_CLASS = YES_ERROR;
				CLANG_WARN_RANGE_LOOP_ANALYSIS = YES;
				CLANG_WARN_STRICT_PROTOTYPES = YES;
				CLANG_WARN_SUSPICIOUS_MOVE = YES;
				CLANG_WARN_UNGUARDED_AVAILABILITY = YES_AGGRESSIVE;
				CLANG_WARN_UNREACHABLE_CODE = YES;
				CLANG_WARN__DUPLICATE_METHOD_MATCH = YES;
				CODE_SIGN_IDENTITY = "iPhone Developer";
				COPY_PHASE_STRIP = NO;
				DEBUG_INFORMATION_FORMAT = "dwarf-with-dsym";
				ENABLE_NS_ASSERTIONS = NO;
				ENABLE_STRICT_OBJC_MSGSEND = YES;
				GCC_C_LANGUAGE_STANDARD = gnu11;
				GCC_NO_COMMON_BLOCKS = YES;
				GCC_WARN_64_TO_32_BIT_CONVERSION = YES;
				GCC_WARN_ABOUT_RETURN_TYPE = YES_ERROR;
				GCC_WARN_UNDECLARED_SELECTOR = YES;
				GCC_WARN_UNINITIALIZED_AUTOS = YES_AGGRESSIVE;
				GCC_WARN_UNUSED_FUNCTION = YES;
				GCC_WARN_UNUSED_VARIABLE = YES;
				IPHONEOS_DEPLOYMENT_TARGET = 11.2;
				MTL_ENABLE_DEBUG_INFO = NO;
				SDKROOT = iphoneos;
				SWIFT_OPTIMIZATION_LEVEL = "-Owholemodule";
				VALIDATE_PRODUCT = YES;
			};
			name = Release;
		};
		D47142C4205D848700F4E4C0 /* Debug */ = {
			isa = XCBuildConfiguration;
			baseConfigurationReference = E5BD762923F0BE15377EBA5C /* Pods-ELInstagramCloneTTT.debug.xcconfig */;
			buildSettings = {
				ASSETCATALOG_COMPILER_APPICON_NAME = AppIcon;
				CODE_SIGN_STYLE = Automatic;
				DEVELOPMENT_TEAM = 3987LS8PQB;
				INFOPLIST_FILE = ELInstagramCloneTTT/Info.plist;
				LD_RUNPATH_SEARCH_PATHS = "$(inherited) @executable_path/Frameworks";
				PRODUCT_BUNDLE_IDENTIFIER = com.eduardlev.ELInstagramCloneTTT;
				PRODUCT_NAME = "$(TARGET_NAME)";
				SWIFT_VERSION = 4.0;
				TARGETED_DEVICE_FAMILY = "1,2";
			};
			name = Debug;
		};
		D47142C5205D848700F4E4C0 /* Release */ = {
			isa = XCBuildConfiguration;
			baseConfigurationReference = 01EBEE0D8D2C5EF4636D2CD1 /* Pods-ELInstagramCloneTTT.release.xcconfig */;
			buildSettings = {
				ASSETCATALOG_COMPILER_APPICON_NAME = AppIcon;
				CODE_SIGN_STYLE = Automatic;
				DEVELOPMENT_TEAM = 3987LS8PQB;
				INFOPLIST_FILE = ELInstagramCloneTTT/Info.plist;
				LD_RUNPATH_SEARCH_PATHS = "$(inherited) @executable_path/Frameworks";
				PRODUCT_BUNDLE_IDENTIFIER = com.eduardlev.ELInstagramCloneTTT;
				PRODUCT_NAME = "$(TARGET_NAME)";
				SWIFT_VERSION = 4.0;
				TARGETED_DEVICE_FAMILY = "1,2";
			};
			name = Release;
		};
/* End XCBuildConfiguration section */

/* Begin XCConfigurationList section */
		D47142AC205D848600F4E4C0 /* Build configuration list for PBXProject "ELInstagramCloneTTT" */ = {
			isa = XCConfigurationList;
			buildConfigurations = (
				D47142C1205D848700F4E4C0 /* Debug */,
				D47142C2205D848700F4E4C0 /* Release */,
			);
			defaultConfigurationIsVisible = 0;
			defaultConfigurationName = Release;
		};
		D47142C3205D848700F4E4C0 /* Build configuration list for PBXNativeTarget "ELInstagramCloneTTT" */ = {
			isa = XCConfigurationList;
			buildConfigurations = (
				D47142C4205D848700F4E4C0 /* Debug */,
				D47142C5205D848700F4E4C0 /* Release */,
			);
			defaultConfigurationIsVisible = 0;
			defaultConfigurationName = Release;
		};
/* End XCConfigurationList section */
	};
	rootObject = D47142A9205D848600F4E4C0 /* Project object */;
}
